// !$*UTF8*$!
{
	archiveVersion = 1;
	classes = {
	};
	objectVersion = 50;
	objects = {

/* Begin PBXBuildFile section */
		C26049B125B754590002929A /* SwiftTVApp.swift in Sources */ = {isa = PBXBuildFile; fileRef = C26049B025B754590002929A /* SwiftTVApp.swift */; };
		C26049B325B754590002929A /* ContentView.swift in Sources */ = {isa = PBXBuildFile; fileRef = C26049B225B754590002929A /* ContentView.swift */; };
		C26049B525B7545B0002929A /* Assets.xcassets in Resources */ = {isa = PBXBuildFile; fileRef = C26049B425B7545B0002929A /* Assets.xcassets */; };
		C26049B825B7545B0002929A /* Preview Assets.xcassets in Resources */ = {isa = PBXBuildFile; fileRef = C26049B725B7545B0002929A /* Preview Assets.xcassets */; };
		C26049DA25B755810002929A /* Movie.swift in Sources */ = {isa = PBXBuildFile; fileRef = C26049C425B755810002929A /* Movie.swift */; };
		C26049DB25B755810002929A /* ModelData.swift in Sources */ = {isa = PBXBuildFile; fileRef = C26049C525B755810002929A /* ModelData.swift */; };
		C26049DD25B755810002929A /* movieData.json in Resources */ = {isa = PBXBuildFile; fileRef = C26049C825B755810002929A /* movieData.json */; };
		C26049DE25B755810002929A /* DiscoverHome.swift in Sources */ = {isa = PBXBuildFile; fileRef = C26049CB25B755810002929A /* DiscoverHome.swift */; };
		C26049DF25B755810002929A /* DiscoverItem.swift in Sources */ = {isa = PBXBuildFile; fileRef = C26049CC25B755810002929A /* DiscoverItem.swift */; };
		C26049E025B755810002929A /* DiscoverCover.swift in Sources */ = {isa = PBXBuildFile; fileRef = C26049CD25B755810002929A /* DiscoverCover.swift */; };
		C26049E125B755810002929A /* DiscoverRow.swift in Sources */ = {isa = PBXBuildFile; fileRef = C26049CE25B755810002929A /* DiscoverRow.swift */; };
		C26049E225B755810002929A /* MovieDetail.swift in Sources */ = {isa = PBXBuildFile; fileRef = C26049D025B755810002929A /* MovieDetail.swift */; };
		C26049E325B755810002929A /* MovieRow.swift in Sources */ = {isa = PBXBuildFile; fileRef = C26049D125B755810002929A /* MovieRow.swift */; };
		C26049E425B755810002929A /* MovieList.swift in Sources */ = {isa = PBXBuildFile; fileRef = C26049D225B755810002929A /* MovieList.swift */; };
		C26049E525B755810002929A /* CoverImageDetail.swift in Sources */ = {isa = PBXBuildFile; fileRef = C26049D425B755810002929A /* CoverImageDetail.swift */; };
		C26049E625B755810002929A /* Rating.swift in Sources */ = {isa = PBXBuildFile; fileRef = C26049D525B755810002929A /* Rating.swift */; };
		C26049E725B755810002929A /* PosterImageDetail.swift in Sources */ = {isa = PBXBuildFile; fileRef = C26049D625B755810002929A /* PosterImageDetail.swift */; };
		C26049E825B755810002929A /* CoverImage.swift in Sources */ = {isa = PBXBuildFile; fileRef = C26049D725B755810002929A /* CoverImage.swift */; };
		C26049E925B755810002929A /* PosterImage.swift in Sources */ = {isa = PBXBuildFile; fileRef = C26049D825B755810002929A /* PosterImage.swift */; };
		C26049EA25B755810002929A /* FavoriteButton.swift in Sources */ = {isa = PBXBuildFile; fileRef = C26049D925B755810002929A /* FavoriteButton.swift */; };
		C26049EF25B7571F0002929A /* DiscoverGrid.swift in Sources */ = {isa = PBXBuildFile; fileRef = C26049EE25B7571F0002929A /* DiscoverGrid.swift */; };
/* End PBXBuildFile section */

/* Begin PBXFileReference section */
		C26049AD25B754590002929A /* SwiftTV.app */ = {isa = PBXFileReference; explicitFileType = wrapper.application; includeInIndex = 0; path = SwiftTV.app; sourceTree = BUILT_PRODUCTS_DIR; };
		C26049B025B754590002929A /* SwiftTVApp.swift */ = {isa = PBXFileReference; lastKnownFileType = sourcecode.swift; path = SwiftTVApp.swift; sourceTree = "<group>"; };
		C26049B225B754590002929A /* ContentView.swift */ = {isa = PBXFileReference; lastKnownFileType = sourcecode.swift; path = ContentView.swift; sourceTree = "<group>"; };
		C26049B425B7545B0002929A /* Assets.xcassets */ = {isa = PBXFileReference; lastKnownFileType = folder.assetcatalog; path = Assets.xcassets; sourceTree = "<group>"; };
		C26049B725B7545B0002929A /* Preview Assets.xcassets */ = {isa = PBXFileReference; lastKnownFileType = folder.assetcatalog; path = "Preview Assets.xcassets"; sourceTree = "<group>"; };
		C26049B925B7545B0002929A /* Info.plist */ = {isa = PBXFileReference; lastKnownFileType = text.plist.xml; path = Info.plist; sourceTree = "<group>"; };
		C26049C425B755810002929A /* Movie.swift */ = {isa = PBXFileReference; fileEncoding = 4; lastKnownFileType = sourcecode.swift; path = Movie.swift; sourceTree = "<group>"; };
		C26049C525B755810002929A /* ModelData.swift */ = {isa = PBXFileReference; fileEncoding = 4; lastKnownFileType = sourcecode.swift; path = ModelData.swift; sourceTree = "<group>"; };
		C26049C825B755810002929A /* movieData.json */ = {isa = PBXFileReference; fileEncoding = 4; lastKnownFileType = text.json; path = movieData.json; sourceTree = "<group>"; };
		C26049CB25B755810002929A /* DiscoverHome.swift */ = {isa = PBXFileReference; fileEncoding = 4; lastKnownFileType = sourcecode.swift; path = DiscoverHome.swift; sourceTree = "<group>"; };
		C26049CC25B755810002929A /* DiscoverItem.swift */ = {isa = PBXFileReference; fileEncoding = 4; lastKnownFileType = sourcecode.swift; path = DiscoverItem.swift; sourceTree = "<group>"; };
		C26049CD25B755810002929A /* DiscoverCover.swift */ = {isa = PBXFileReference; fileEncoding = 4; lastKnownFileType = sourcecode.swift; path = DiscoverCover.swift; sourceTree = "<group>"; };
		C26049CE25B755810002929A /* DiscoverRow.swift */ = {isa = PBXFileReference; fileEncoding = 4; lastKnownFileType = sourcecode.swift; path = DiscoverRow.swift; sourceTree = "<group>"; };
		C26049D025B755810002929A /* MovieDetail.swift */ = {isa = PBXFileReference; fileEncoding = 4; lastKnownFileType = sourcecode.swift; path = MovieDetail.swift; sourceTree = "<group>"; };
		C26049D125B755810002929A /* MovieRow.swift */ = {isa = PBXFileReference; fileEncoding = 4; lastKnownFileType = sourcecode.swift; path = MovieRow.swift; sourceTree = "<group>"; };
		C26049D225B755810002929A /* MovieList.swift */ = {isa = PBXFileReference; fileEncoding = 4; lastKnownFileType = sourcecode.swift; path = MovieList.swift; sourceTree = "<group>"; };
		C26049D425B755810002929A /* CoverImageDetail.swift */ = {isa = PBXFileReference; fileEncoding = 4; lastKnownFileType = sourcecode.swift; path = CoverImageDetail.swift; sourceTree = "<group>"; };
		C26049D525B755810002929A /* Rating.swift */ = {isa = PBXFileReference; fileEncoding = 4; lastKnownFileType = sourcecode.swift; path = Rating.swift; sourceTree = "<group>"; };
		C26049D625B755810002929A /* PosterImageDetail.swift */ = {isa = PBXFileReference; fileEncoding = 4; lastKnownFileType = sourcecode.swift; path = PosterImageDetail.swift; sourceTree = "<group>"; };
		C26049D725B755810002929A /* CoverImage.swift */ = {isa = PBXFileReference; fileEncoding = 4; lastKnownFileType = sourcecode.swift; path = CoverImage.swift; sourceTree = "<group>"; };
		C26049D825B755810002929A /* PosterImage.swift */ = {isa = PBXFileReference; fileEncoding = 4; lastKnownFileType = sourcecode.swift; path = PosterImage.swift; sourceTree = "<group>"; };
		C26049D925B755810002929A /* FavoriteButton.swift */ = {isa = PBXFileReference; fileEncoding = 4; lastKnownFileType = sourcecode.swift; path = FavoriteButton.swift; sourceTree = "<group>"; };
		C26049EE25B7571F0002929A /* DiscoverGrid.swift */ = {isa = PBXFileReference; lastKnownFileType = sourcecode.swift; path = DiscoverGrid.swift; sourceTree = "<group>"; };
/* End PBXFileReference section */

/* Begin PBXFrameworksBuildPhase section */
		C26049AA25B754590002929A /* Frameworks */ = {
			isa = PBXFrameworksBuildPhase;
			buildActionMask = 2147483647;
			files = (
			);
			runOnlyForDeploymentPostprocessing = 0;
		};
/* End PBXFrameworksBuildPhase section */

/* Begin PBXGroup section */
		C26049A425B754590002929A = {
			isa = PBXGroup;
			children = (
				C26049AF25B754590002929A /* SwiftTV */,
				C26049AE25B754590002929A /* Products */,
			);
			sourceTree = "<group>";
		};
		C26049AE25B754590002929A /* Products */ = {
			isa = PBXGroup;
			children = (
				C26049AD25B754590002929A /* SwiftTV.app */,
			);
			name = Products;
			sourceTree = "<group>";
		};
		C26049AF25B754590002929A /* SwiftTV */ = {
			isa = PBXGroup;
			children = (
				C26049B025B754590002929A /* SwiftTVApp.swift */,
				C26049B225B754590002929A /* ContentView.swift */,
				C26049C925B755810002929A /* Views */,
				C26049C325B755810002929A /* Model */,
				C26049C625B755810002929A /* Resources */,
				C26049B425B7545B0002929A /* Assets.xcassets */,
				C26049B925B7545B0002929A /* Info.plist */,
				C26049B625B7545B0002929A /* Preview Content */,
			);
			path = SwiftTV;
			sourceTree = "<group>";
		};
		C26049B625B7545B0002929A /* Preview Content */ = {
			isa = PBXGroup;
			children = (
				C26049B725B7545B0002929A /* Preview Assets.xcassets */,
			);
			path = "Preview Content";
			sourceTree = "<group>";
		};
		C26049C325B755810002929A /* Model */ = {
			isa = PBXGroup;
			children = (
				C26049C425B755810002929A /* Movie.swift */,
				C26049C525B755810002929A /* ModelData.swift */,
			);
			path = Model;
			sourceTree = "<group>";
		};
		C26049C625B755810002929A /* Resources */ = {
			isa = PBXGroup;
			children = (
				C26049C825B755810002929A /* movieData.json */,
			);
			path = Resources;
			sourceTree = "<group>";
		};
		C26049C925B755810002929A /* Views */ = {
			isa = PBXGroup;
			children = (
				C26049CA25B755810002929A /* Discover */,
				C26049CF25B755810002929A /* Movies */,
				C26049D325B755810002929A /* Helpers */,
			);
			path = Views;
			sourceTree = "<group>";
		};
		C26049CA25B755810002929A /* Discover */ = {
			isa = PBXGroup;
			children = (
				C26049CB25B755810002929A /* DiscoverHome.swift */,
				C26049CE25B755810002929A /* DiscoverRow.swift */,
				C26049CC25B755810002929A /* DiscoverItem.swift */,
				C26049EE25B7571F0002929A /* DiscoverGrid.swift */,
			);
			path = Discover;
			sourceTree = "<group>";
		};
		C26049CF25B755810002929A /* Movies */ = {
			isa = PBXGroup;
			children = (
				C26049D225B755810002929A /* MovieList.swift */,
				C26049D125B755810002929A /* MovieRow.swift */,
				C26049D025B755810002929A /* MovieDetail.swift */,
			);
			path = Movies;
			sourceTree = "<group>";
		};
		C26049D325B755810002929A /* Helpers */ = {
			isa = PBXGroup;
			children = (
				C26049D525B755810002929A /* Rating.swift */,
				C26049D925B755810002929A /* FavoriteButton.swift */,
				C26049D825B755810002929A /* PosterImage.swift */,
				C26049D625B755810002929A /* PosterImageDetail.swift */,
				C26049D725B755810002929A /* CoverImage.swift */,
				C26049D425B755810002929A /* CoverImageDetail.swift */,
				C26049CD25B755810002929A /* DiscoverCover.swift */,
			);
			path = Helpers;
			sourceTree = "<group>";
		};
/* End PBXGroup section */

/* Begin PBXNativeTarget section */
		C26049AC25B754590002929A /* SwiftTV */ = {
			isa = PBXNativeTarget;
			buildConfigurationList = C26049BC25B7545B0002929A /* Build configuration list for PBXNativeTarget "SwiftTV" */;
			buildPhases = (
				C26049A925B754590002929A /* Sources */,
				C26049AA25B754590002929A /* Frameworks */,
				C26049AB25B754590002929A /* Resources */,
			);
			buildRules = (
			);
			dependencies = (
			);
			name = SwiftTV;
			productName = SwiftTV;
			productReference = C26049AD25B754590002929A /* SwiftTV.app */;
			productType = "com.apple.product-type.application";
		};
/* End PBXNativeTarget section */

/* Begin PBXProject section */
		C26049A525B754590002929A /* Project object */ = {
			isa = PBXProject;
			attributes = {
				LastSwiftUpdateCheck = 1220;
				LastUpgradeCheck = 1220;
				TargetAttributes = {
					C26049AC25B754590002929A = {
						CreatedOnToolsVersion = 12.2;
					};
				};
			};
			buildConfigurationList = C26049A825B754590002929A /* Build configuration list for PBXProject "SwiftTV" */;
			compatibilityVersion = "Xcode 9.3";
			developmentRegion = en;
			hasScannedForEncodings = 0;
			knownRegions = (
				en,
				Base,
			);
			mainGroup = C26049A425B754590002929A;
			productRefGroup = C26049AE25B754590002929A /* Products */;
			projectDirPath = "";
			projectRoot = "";
			targets = (
				C26049AC25B754590002929A /* SwiftTV */,
			);
		};
/* End PBXProject section */

/* Begin PBXResourcesBuildPhase section */
		C26049AB25B754590002929A /* Resources */ = {
			isa = PBXResourcesBuildPhase;
			buildActionMask = 2147483647;
			files = (
				C26049B825B7545B0002929A /* Preview Assets.xcassets in Resources */,
				C26049B525B7545B0002929A /* Assets.xcassets in Resources */,
				C26049DD25B755810002929A /* movieData.json in Resources */,
			);
			runOnlyForDeploymentPostprocessing = 0;
		};
/* End PBXResourcesBuildPhase section */

/* Begin PBXSourcesBuildPhase section */
		C26049A925B754590002929A /* Sources */ = {
			isa = PBXSourcesBuildPhase;
			buildActionMask = 2147483647;
			files = (
				C26049E125B755810002929A /* DiscoverRow.swift in Sources */,
				C26049B325B754590002929A /* ContentView.swift in Sources */,
				C26049DE25B755810002929A /* DiscoverHome.swift in Sources */,
				C26049EA25B755810002929A /* FavoriteButton.swift in Sources */,
				C26049DB25B755810002929A /* ModelData.swift in Sources */,
				C26049E725B755810002929A /* PosterImageDetail.swift in Sources */,
				C26049E325B755810002929A /* MovieRow.swift in Sources */,
				C26049E625B755810002929A /* Rating.swift in Sources */,
				C26049EF25B7571F0002929A /* DiscoverGrid.swift in Sources */,
				C26049E425B755810002929A /* MovieList.swift in Sources */,
				C26049E925B755810002929A /* PosterImage.swift in Sources */,
				C26049E025B755810002929A /* DiscoverCover.swift in Sources */,
				C26049E525B755810002929A /* CoverImageDetail.swift in Sources */,
				C26049DF25B755810002929A /* DiscoverItem.swift in Sources */,
				C26049E225B755810002929A /* MovieDetail.swift in Sources */,
				C26049E825B755810002929A /* CoverImage.swift in Sources */,
				C26049B125B754590002929A /* SwiftTVApp.swift in Sources */,
				C26049DA25B755810002929A /* Movie.swift in Sources */,
			);
			runOnlyForDeploymentPostprocessing = 0;
		};
/* End PBXSourcesBuildPhase section */

/* Begin XCBuildConfiguration section */
		C26049BA25B7545B0002929A /* Debug */ = {
			isa = XCBuildConfiguration;
			buildSettings = {
				ALWAYS_SEARCH_USER_PATHS = NO;
				CLANG_ANALYZER_NONNULL = YES;
				CLANG_ANALYZER_NUMBER_OBJECT_CONVERSION = YES_AGGRESSIVE;
				CLANG_CXX_LANGUAGE_STANDARD = "gnu++14";
				CLANG_CXX_LIBRARY = "libc++";
				CLANG_ENABLE_MODULES = YES;
				CLANG_ENABLE_OBJC_ARC = YES;
				CLANG_ENABLE_OBJC_WEAK = YES;
				CLANG_WARN_BLOCK_CAPTURE_AUTORELEASING = YES;
				CLANG_WARN_BOOL_CONVERSION = YES;
				CLANG_WARN_COMMA = YES;
				CLANG_WARN_CONSTANT_CONVERSION = YES;
				CLANG_WARN_DEPRECATED_OBJC_IMPLEMENTATIONS = YES;
				CLANG_WARN_DIRECT_OBJC_ISA_USAGE = YES_ERROR;
				CLANG_WARN_DOCUMENTATION_COMMENTS = YES;
				CLANG_WARN_EMPTY_BODY = YES;
				CLANG_WARN_ENUM_CONVERSION = YES;
				CLANG_WARN_INFINITE_RECURSION = YES;
				CLANG_WARN_INT_CONVERSION = YES;
				CLANG_WARN_NON_LITERAL_NULL_CONVERSION = YES;
				CLANG_WARN_OBJC_IMPLICIT_RETAIN_SELF = YES;
				CLANG_WARN_OBJC_LITERAL_CONVERSION = YES;
				CLANG_WARN_OBJC_ROOT_CLASS = YES_ERROR;
				CLANG_WARN_QUOTED_INCLUDE_IN_FRAMEWORK_HEADER = YES;
				CLANG_WARN_RANGE_LOOP_ANALYSIS = YES;
				CLANG_WARN_STRICT_PROTOTYPES = YES;
				CLANG_WARN_SUSPICIOUS_MOVE = YES;
				CLANG_WARN_UNGUARDED_AVAILABILITY = YES_AGGRESSIVE;
				CLANG_WARN_UNREACHABLE_CODE = YES;
				CLANG_WARN__DUPLICATE_METHOD_MATCH = YES;
				COPY_PHASE_STRIP = NO;
				DEBUG_INFORMATION_FORMAT = dwarf;
				ENABLE_STRICT_OBJC_MSGSEND = YES;
				ENABLE_TESTABILITY = YES;
				GCC_C_LANGUAGE_STANDARD = gnu11;
				GCC_DYNAMIC_NO_PIC = NO;
				GCC_NO_COMMON_BLOCKS = YES;
				GCC_OPTIMIZATION_LEVEL = 0;
				GCC_PREPROCESSOR_DEFINITIONS = (
					"DEBUG=1",
					"$(inherited)",
				);
				GCC_WARN_64_TO_32_BIT_CONVERSION = YES;
				GCC_WARN_ABOUT_RETURN_TYPE = YES_ERROR;
				GCC_WARN_UNDECLARED_SELECTOR = YES;
				GCC_WARN_UNINITIALIZED_AUTOS = YES_AGGRESSIVE;
				GCC_WARN_UNUSED_FUNCTION = YES;
				GCC_WARN_UNUSED_VARIABLE = YES;
				IPHONEOS_DEPLOYMENT_TARGET = 14.2;
				MTL_ENABLE_DEBUG_INFO = INCLUDE_SOURCE;
				MTL_FAST_MATH = YES;
				ONLY_ACTIVE_ARCH = YES;
				SDKROOT = iphoneos;
				SWIFT_ACTIVE_COMPILATION_CONDITIONS = DEBUG;
				SWIFT_OPTIMIZATION_LEVEL = "-Onone";
			};
			name = Debug;
		};
		C26049BB25B7545B0002929A /* Release */ = {
			isa = XCBuildConfiguration;
			buildSettings = {
				ALWAYS_SEARCH_USER_PATHS = NO;
				CLANG_ANALYZER_NONNULL = YES;
				CLANG_ANALYZER_NUMBER_OBJECT_CONVERSION = YES_AGGRESSIVE;
				CLANG_CXX_LANGUAGE_STANDARD = "gnu++14";
				CLANG_CXX_LIBRARY = "libc++";
				CLANG_ENABLE_MODULES = YES;
				CLANG_ENABLE_OBJC_ARC = YES;
				CLANG_ENABLE_OBJC_WEAK = YES;
				CLANG_WARN_BLOCK_CAPTURE_AUTORELEASING = YES;
				CLANG_WARN_BOOL_CONVERSION = YES;
				CLANG_WARN_COMMA = YES;
				CLANG_WARN_CONSTANT_CONVERSION = YES;
				CLANG_WARN_DEPRECATED_OBJC_IMPLEMENTATIONS = YES;
				CLANG_WARN_DIRECT_OBJC_ISA_USAGE = YES_ERROR;
				CLANG_WARN_DOCUMENTATION_COMMENTS = YES;
				CLANG_WARN_EMPTY_BODY = YES;
				CLANG_WARN_ENUM_CONVERSION = YES;
				CLANG_WARN_INFINITE_RECURSION = YES;
				CLANG_WARN_INT_CONVERSION = YES;
				CLANG_WARN_NON_LITERAL_NULL_CONVERSION = YES;
				CLANG_WARN_OBJC_IMPLICIT_RETAIN_SELF = YES;
				CLANG_WARN_OBJC_LITERAL_CONVERSION = YES;
				CLANG_WARN_OBJC_ROOT_CLASS = YES_ERROR;
				CLANG_WARN_QUOTED_INCLUDE_IN_FRAMEWORK_HEADER = YES;
				CLANG_WARN_RANGE_LOOP_ANALYSIS = YES;
				CLANG_WARN_STRICT_PROTOTYPES = YES;
				CLANG_WARN_SUSPICIOUS_MOVE = YES;
				CLANG_WARN_UNGUARDED_AVAILABILITY = YES_AGGRESSIVE;
				CLANG_WARN_UNREACHABLE_CODE = YES;
				CLANG_WARN__DUPLICATE_METHOD_MATCH = YES;
				COPY_PHASE_STRIP = NO;
				DEBUG_INFORMATION_FORMAT = "dwarf-with-dsym";
				ENABLE_NS_ASSERTIONS = NO;
				ENABLE_STRICT_OBJC_MSGSEND = YES;
				GCC_C_LANGUAGE_STANDARD = gnu11;
				GCC_NO_COMMON_BLOCKS = YES;
				GCC_WARN_64_TO_32_BIT_CONVERSION = YES;
				GCC_WARN_ABOUT_RETURN_TYPE = YES_ERROR;
				GCC_WARN_UNDECLARED_SELECTOR = YES;
				GCC_WARN_UNINITIALIZED_AUTOS = YES_AGGRESSIVE;
				GCC_WARN_UNUSED_FUNCTION = YES;
				GCC_WARN_UNUSED_VARIABLE = YES;
				IPHONEOS_DEPLOYMENT_TARGET = 14.2;
				MTL_ENABLE_DEBUG_INFO = NO;
				MTL_FAST_MATH = YES;
				SDKROOT = iphoneos;
				SWIFT_COMPILATION_MODE = wholemodule;
				SWIFT_OPTIMIZATION_LEVEL = "-O";
				VALIDATE_PRODUCT = YES;
			};
			name = Release;
		};
		C26049BD25B7545B0002929A /* Debug */ = {
			isa = XCBuildConfiguration;
			buildSettings = {
				ASSETCATALOG_COMPILER_APPICON_NAME = AppIcon;
				ASSETCATALOG_COMPILER_GLOBAL_ACCENT_COLOR_NAME = AccentColor;
				CODE_SIGN_STYLE = Automatic;
				CURRENT_PROJECT_VERSION = 1000;
				DEVELOPMENT_ASSET_PATHS = "\"SwiftTV/Preview Content\"";
				DEVELOPMENT_TEAM = 85N3S3DG8M;
				ENABLE_PREVIEWS = YES;
				INFOPLIST_FILE = SwiftTV/Info.plist;
				IPHONEOS_DEPLOYMENT_TARGET = 14.0;
				LD_RUNPATH_SEARCH_PATHS = (
					"$(inherited)",
					"@executable_path/Frameworks",
				);
				MARKETING_VERSION = 0.1;
				PRODUCT_BUNDLE_IDENTIFIER = ca.justinbush.SwiftTV;
				PRODUCT_NAME = "$(TARGET_NAME)";
				SWIFT_VERSION = 5.0;
				TARGETED_DEVICE_FAMILY = "1,2";
			};
			name = Debug;
		};
		C26049BE25B7545B0002929A /* Release */ = {
			isa = XCBuildConfiguration;
			buildSettings = {
				ASSETCATALOG_COMPILER_APPICON_NAME = AppIcon;
				ASSETCATALOG_COMPILER_GLOBAL_ACCENT_COLOR_NAME = AccentColor;
				CODE_SIGN_STYLE = Automatic;
				CURRENT_PROJECT_VERSION = 1000;
				DEVELOPMENT_ASSET_PATHS = "\"SwiftTV/Preview Content\"";
				DEVELOPMENT_TEAM = 85N3S3DG8M;
				ENABLE_PREVIEWS = YES;
				INFOPLIST_FILE = SwiftTV/Info.plist;
				IPHONEOS_DEPLOYMENT_TARGET = 14.0;
				LD_RUNPATH_SEARCH_PATHS = (
					"$(inherited)",
					"@executable_path/Frameworks",
				);
				MARKETING_VERSION = 0.1;
				PRODUCT_BUNDLE_IDENTIFIER = ca.justinbush.SwiftTV;
				PRODUCT_NAME = "$(TARGET_NAME)";
				SWIFT_VERSION = 5.0;
				TARGETED_DEVICE_FAMILY = "1,2";
			};
			name = Release;
		};
/* End XCBuildConfiguration section */

/* Begin XCConfigurationList section */
		C26049A825B754590002929A /* Build configuration list for PBXProject "SwiftTV" */ = {
			isa = XCConfigurationList;
			buildConfigurations = (
				C26049BA25B7545B0002929A /* Debug */,
				C26049BB25B7545B0002929A /* Release */,
			);
			defaultConfigurationIsVisible = 0;
			defaultConfigurationName = Release;
		};
		C26049BC25B7545B0002929A /* Build configuration list for PBXNativeTarget "SwiftTV" */ = {
			isa = XCConfigurationList;
			buildConfigurations = (
				C26049BD25B7545B0002929A /* Debug */,
				C26049BE25B7545B0002929A /* Release */,
			);
			defaultConfigurationIsVisible = 0;
			defaultConfigurationName = Release;
		};
/* End XCConfigurationList section */
	};
	rootObject = C26049A525B754590002929A /* Project object */;
}
